// !$*UTF8*$!
{
	archiveVersion = 1;
	classes = {
	};
	objectVersion = 51;
	objects = {

/* Begin PBXBuildFile section */
		0003C0E323CC08A200111AA1 /* Soft@2x.png in Resources */ = {isa = PBXBuildFile; fileRef = 0003C0E223CC08A200111AA1 /* Soft@2x.png */; };
		0007CBA025C697980058EC24 /* HomepageChooserViewController.swift in Sources */ = {isa = PBXBuildFile; fileRef = 0007CB9F25C697980058EC24 /* HomepageChooserViewController.swift */; };
		000D80272427F5CA005E0CA1 /* AppIconsViewController.swift in Sources */ = {isa = PBXBuildFile; fileRef = 000D80262427F5CA005E0CA1 /* AppIconsViewController.swift */; };
		001366B82307B61F009A102E /* AppDelegate.swift in Sources */ = {isa = PBXBuildFile; fileRef = 001366B72307B61F009A102E /* AppDelegate.swift */; };
		001366BA2307B61F009A102E /* SearchingViewController.swift in Sources */ = {isa = PBXBuildFile; fileRef = 001366B92307B61F009A102E /* SearchingViewController.swift */; };
		001366BD2307B61F009A102E /* Main.storyboard in Resources */ = {isa = PBXBuildFile; fileRef = 001366BB2307B61F009A102E /* Main.storyboard */; };
		001366BF2307B620009A102E /* Assets.xcassets in Resources */ = {isa = PBXBuildFile; fileRef = 001366BE2307B620009A102E /* Assets.xcassets */; };
		001366C22307B620009A102E /* LaunchScreen.storyboard in Resources */ = {isa = PBXBuildFile; fileRef = 001366C02307B620009A102E /* LaunchScreen.storyboard */; };
		001366D82307B620009A102E /* ExpeditionUITests.swift in Sources */ = {isa = PBXBuildFile; fileRef = 001366D72307B620009A102E /* ExpeditionUITests.swift */; };
		001366E72307BEA9009A102E /* WebKit.framework in Frameworks */ = {isa = PBXBuildFile; fileRef = 001366E62307BEA9009A102E /* WebKit.framework */; };
		0024E06925C3D00600BDB04D /* Button.swift in Sources */ = {isa = PBXBuildFile; fileRef = 0024E06825C3D00600BDB04D /* Button.swift */; };
		0028F4F9245CC29500FB89B3 /* ContactViewController.swift in Sources */ = {isa = PBXBuildFile; fileRef = 0028F4F8245CC29500FB89B3 /* ContactViewController.swift */; };
		0037F18C24170A8300275CD0 /* LightBlue@2x.png in Resources */ = {isa = PBXBuildFile; fileRef = 0037F18B24170A8300275CD0 /* LightBlue@2x.png */; };
		0053E05F23F640330012DB78 /* GlyphFade@2x.png in Resources */ = {isa = PBXBuildFile; fileRef = 0053E05E23F640330012DB78 /* GlyphFade@2x.png */; };
		0062525D242080AE004B3136 /* Onboarding.storyboard in Resources */ = {isa = PBXBuildFile; fileRef = 0062525C242080AE004B3136 /* Onboarding.storyboard */; };
		0062526124208C02004B3136 /* Onb1ViewController.swift in Sources */ = {isa = PBXBuildFile; fileRef = 0062526024208C02004B3136 /* Onb1ViewController.swift */; };
		0062526324208C08004B3136 /* Onb2ViewController.swift in Sources */ = {isa = PBXBuildFile; fileRef = 0062526224208C08004B3136 /* Onb2ViewController.swift */; };
		0062526524208C26004B3136 /* Onb3ViewController.swift in Sources */ = {isa = PBXBuildFile; fileRef = 0062526424208C26004B3136 /* Onb3ViewController.swift */; };
		006302BE23CC04760074BE1C /* IOS6@2x.png in Resources */ = {isa = PBXBuildFile; fileRef = 006302BB23CC04760074BE1C /* IOS6@2x.png */; };
		0068C29F254CE8A200183283 /* TabsMainViewController.swift in Sources */ = {isa = PBXBuildFile; fileRef = 0068C29E254CE8A200183283 /* TabsMainViewController.swift */; };
		0070A2AD2568A2F700545813 /* CellBGView.swift in Sources */ = {isa = PBXBuildFile; fileRef = 0070A2AC2568A2F700545813 /* CellBGView.swift */; };
		0074A5A22442A672003C92D2 /* DonationBoxViewController.swift in Sources */ = {isa = PBXBuildFile; fileRef = 0074A5A12442A672003C92D2 /* DonationBoxViewController.swift */; };
		0077891823D14005002AEE78 /* LightShatter@2x.png in Resources */ = {isa = PBXBuildFile; fileRef = 0077891623D14005002AEE78 /* LightShatter@2x.png */; };
		0077891923D14005002AEE78 /* DarkShatter@2x.png in Resources */ = {isa = PBXBuildFile; fileRef = 0077891723D14005002AEE78 /* DarkShatter@2x.png */; };
		0078502F23CD688E00BDB94C /* Prism@2x.png in Resources */ = {isa = PBXBuildFile; fileRef = 0078502E23CD688E00BDB94C /* Prism@2x.png */; };
		00805267254CB963008D7697 /* NotificationConstants.swift in Sources */ = {isa = PBXBuildFile; fileRef = 00805266254CB963008D7697 /* NotificationConstants.swift */; };
		0080527D254CDB51008D7697 /* GradientTitleBar.swift in Sources */ = {isa = PBXBuildFile; fileRef = 0080527C254CDB51008D7697 /* GradientTitleBar.swift */; };
		00805285254CDC0A008D7697 /* TitleBarViewController.swift in Sources */ = {isa = PBXBuildFile; fileRef = 00805284254CDC0A008D7697 /* TitleBarViewController.swift */; };
		0080528A254CDDA7008D7697 /* PrivacyPolicyViewController.swift in Sources */ = {isa = PBXBuildFile; fileRef = 00805289254CDDA6008D7697 /* PrivacyPolicyViewController.swift */; };
		0081CCE224280A720097C2C6 /* TabsTableViewController.swift in Sources */ = {isa = PBXBuildFile; fileRef = 0081CCE124280A720097C2C6 /* TabsTableViewController.swift */; };
		009EBEC9257C362E00C9382C /* CustomizeViewController.swift in Sources */ = {isa = PBXBuildFile; fileRef = 009EBEC8257C362E00C9382C /* CustomizeViewController.swift */; };
		009EBED5257C387800C9382C /* ReopenOnLastPageViewController.swift in Sources */ = {isa = PBXBuildFile; fileRef = 009EBED4257C387800C9382C /* ReopenOnLastPageViewController.swift */; };
		00A91DBD23A84AFF00F045F7 /* DarkIcon@2x.png in Resources */ = {isa = PBXBuildFile; fileRef = 00A91DBB23A84AFF00F045F7 /* DarkIcon@2x.png */; };
		00AB6BA623CD37DE0088E269 /* Metal@2x.png in Resources */ = {isa = PBXBuildFile; fileRef = 00AB6BA523CD37DD0088E269 /* Metal@2x.png */; };
		00B612892585EB91001CEEE1 /* AppIconPickerImageView.swift in Sources */ = {isa = PBXBuildFile; fileRef = 00B612882585EB91001CEEE1 /* AppIconPickerImageView.swift */; };
		00C4A4C623C509E800C18F65 /* Settings.bundle in Resources */ = {isa = PBXBuildFile; fileRef = 00C4A4C523C509E800C18F65 /* Settings.bundle */; };
		00D686F025BB484900A83187 /* style.css in Resources */ = {isa = PBXBuildFile; fileRef = 00D686EF25BB484900A83187 /* style.css */; };
		00D686F525BB49C900A83187 /* NotFound.html in Resources */ = {isa = PBXBuildFile; fileRef = 00D686F425BB49C900A83187 /* NotFound.html */; };
		00F7071123D16FB400C0B8E2 /* Diamond@2x.png in Resources */ = {isa = PBXBuildFile; fileRef = 00F7071023D16FB400C0B8E2 /* Diamond@2x.png */; };
		5D1D0D5823C6AE7600B4377E /* History.xcdatamodeld in Sources */ = {isa = PBXBuildFile; fileRef = 5D1D0D5623C6AE7600B4377E /* History.xcdatamodeld */; };
		5D1D0D5A23C6B0B300B4377E /* PersistenceService.swift in Sources */ = {isa = PBXBuildFile; fileRef = 5D1D0D5923C6B0B300B4377E /* PersistenceService.swift */; };
		5D1D0D5E23C6F1CB00B4377E /* HistoryElement+CoreDataProperties.swift in Sources */ = {isa = PBXBuildFile; fileRef = 5D1D0D5C23C6F1CB00B4377E /* HistoryElement+CoreDataProperties.swift */; };
		5D2FA8A023D5490B00A68AF5 /* LightIntro.gif in Resources */ = {isa = PBXBuildFile; fileRef = 5D2FA89F23D5490B00A68AF5 /* LightIntro.gif */; };
		5D41CBF123C569B6003A16F9 /* SettingsBundleHelper.swift in Sources */ = {isa = PBXBuildFile; fileRef = 5D41CBF023C569B6003A16F9 /* SettingsBundleHelper.swift */; };
		5D41CBF323C5745C003A16F9 /* OptionsViewController.swift in Sources */ = {isa = PBXBuildFile; fileRef = 5D41CBF223C5745C003A16F9 /* OptionsViewController.swift */; };
		5D56ABCC243C1CD00073677F /* WebUtil.swift in Sources */ = {isa = PBXBuildFile; fileRef = 5D56ABCB243C1CD00073677F /* WebUtil.swift */; };
		5D56ABD0243C1D140073677F /* Website.swift in Sources */ = {isa = PBXBuildFile; fileRef = 5D56ABCF243C1D140073677F /* Website.swift */; };
		5D56ABD6243C1EBE0073677F /* HistoryElement+CoreDataClass.swift in Sources */ = {isa = PBXBuildFile; fileRef = 5D56ABD5243C1EBE0073677F /* HistoryElement+CoreDataClass.swift */; };
		5D56ABD9243C1F540073677F /* Sharing.swift in Sources */ = {isa = PBXBuildFile; fileRef = 5D56ABD8243C1F540073677F /* Sharing.swift */; };
		5D5BA2E223C5910C00D98050 /* HistoryTableViewController.swift in Sources */ = {isa = PBXBuildFile; fileRef = 5D5BA2E123C5910C00D98050 /* HistoryTableViewController.swift */; };
		5D793D0523D4DF5C00539A44 /* Swift+Gif.swift in Sources */ = {isa = PBXBuildFile; fileRef = 5D793D0423D4DF5C00539A44 /* Swift+Gif.swift */; };
		5D793D0723D4E02D00539A44 /* IntroViewController.swift in Sources */ = {isa = PBXBuildFile; fileRef = 5D793D0623D4E02D00539A44 /* IntroViewController.swift */; };
		5D865CC423E1013700374B07 /* BlankViewController.swift in Sources */ = {isa = PBXBuildFile; fileRef = 5D865CC323E1013700374B07 /* BlankViewController.swift */; };
		5D9AE08F24371ABE00239559 /* Util.swift in Sources */ = {isa = PBXBuildFile; fileRef = 5D9AE08E24371ABE00239559 /* Util.swift */; };
		5DE81BC323CBB45000F6FA33 /* ColorShadow@2x.png in Resources */ = {isa = PBXBuildFile; fileRef = 00AD59E923CB986E007C6495 /* ColorShadow@2x.png */; };
		5DE81BC423CBB45300F6FA33 /* Fading@2x.png in Resources */ = {isa = PBXBuildFile; fileRef = 00AD59F623CB98AC007C6495 /* Fading@2x.png */; };
		D6030CDC23A89669003C6911 /* Gestures.swift in Sources */ = {isa = PBXBuildFile; fileRef = D6030CDB23A89669003C6911 /* Gestures.swift */; };
/* End PBXBuildFile section */

/* Begin PBXContainerItemProxy section */
		001366C92307B620009A102E /* PBXContainerItemProxy */ = {
			isa = PBXContainerItemProxy;
			containerPortal = 001366AC2307B61F009A102E /* Project object */;
			proxyType = 1;
			remoteGlobalIDString = 001366B32307B61F009A102E;
			remoteInfo = Expedition;
		};
		001366D42307B620009A102E /* PBXContainerItemProxy */ = {
			isa = PBXContainerItemProxy;
			containerPortal = 001366AC2307B61F009A102E /* Project object */;
			proxyType = 1;
			remoteGlobalIDString = 001366B32307B61F009A102E;
			remoteInfo = Expedition;
		};
/* End PBXContainerItemProxy section */

/* Begin PBXCopyFilesBuildPhase section */
		0039255023CED16700AD77EB /* Embed App Extensions */ = {
			isa = PBXCopyFilesBuildPhase;
			buildActionMask = 2147483647;
			dstPath = "";
			dstSubfolderSpec = 13;
			files = (
			);
			name = "Embed App Extensions";
			runOnlyForDeploymentPostprocessing = 0;
		};
/* End PBXCopyFilesBuildPhase section */

/* Begin PBXFileReference section */
		0003C0E223CC08A200111AA1 /* Soft@2x.png */ = {isa = PBXFileReference; lastKnownFileType = image.png; path = "Soft@2x.png"; sourceTree = "<group>"; };
		0007CB9F25C697980058EC24 /* HomepageChooserViewController.swift */ = {isa = PBXFileReference; lastKnownFileType = sourcecode.swift; path = HomepageChooserViewController.swift; sourceTree = "<group>"; };
		0007DADE2437B808007BF62C /* Media.xcassets */ = {isa = PBXFileReference; lastKnownFileType = folder.assetcatalog; path = Media.xcassets; sourceTree = "<group>"; };
		0007DAE02437B808007BF62C /* ActionRequestHandler.swift */ = {isa = PBXFileReference; lastKnownFileType = sourcecode.swift; path = ActionRequestHandler.swift; sourceTree = "<group>"; };
		0007DAE22437B808007BF62C /* Action.js */ = {isa = PBXFileReference; lastKnownFileType = sourcecode.javascript; path = Action.js; sourceTree = "<group>"; };
		0007DAE42437B808007BF62C /* Info.plist */ = {isa = PBXFileReference; lastKnownFileType = text.plist.xml; path = Info.plist; sourceTree = "<group>"; };
		000D80262427F5CA005E0CA1 /* AppIconsViewController.swift */ = {isa = PBXFileReference; lastKnownFileType = sourcecode.swift; path = AppIconsViewController.swift; sourceTree = "<group>"; };
		001366B42307B61F009A102E /* Expedition.app */ = {isa = PBXFileReference; explicitFileType = wrapper.application; includeInIndex = 0; path = Expedition.app; sourceTree = BUILT_PRODUCTS_DIR; };
		001366B72307B61F009A102E /* AppDelegate.swift */ = {isa = PBXFileReference; lastKnownFileType = sourcecode.swift; path = AppDelegate.swift; sourceTree = "<group>"; };
		001366B92307B61F009A102E /* SearchingViewController.swift */ = {isa = PBXFileReference; lastKnownFileType = sourcecode.swift; path = SearchingViewController.swift; sourceTree = "<group>"; usesTabs = 0; };
		001366BC2307B61F009A102E /* Base */ = {isa = PBXFileReference; lastKnownFileType = file.storyboard; name = Base; path = Base.lproj/Main.storyboard; sourceTree = "<group>"; };
		001366BE2307B620009A102E /* Assets.xcassets */ = {isa = PBXFileReference; lastKnownFileType = folder.assetcatalog; path = Assets.xcassets; sourceTree = "<group>"; };
		001366C12307B620009A102E /* Base */ = {isa = PBXFileReference; lastKnownFileType = file.storyboard; name = Base; path = Base.lproj/LaunchScreen.storyboard; sourceTree = "<group>"; };
		001366C32307B620009A102E /* Info.plist */ = {isa = PBXFileReference; lastKnownFileType = text.plist.xml; path = Info.plist; sourceTree = "<group>"; };
		001366C82307B620009A102E /* ExpeditionTests.xctest */ = {isa = PBXFileReference; explicitFileType = wrapper.cfbundle; includeInIndex = 0; path = ExpeditionTests.xctest; sourceTree = BUILT_PRODUCTS_DIR; };
		001366D32307B620009A102E /* ExpeditionUITests.xctest */ = {isa = PBXFileReference; explicitFileType = wrapper.cfbundle; includeInIndex = 0; path = ExpeditionUITests.xctest; sourceTree = BUILT_PRODUCTS_DIR; };
		001366D72307B620009A102E /* ExpeditionUITests.swift */ = {isa = PBXFileReference; lastKnownFileType = sourcecode.swift; path = ExpeditionUITests.swift; sourceTree = "<group>"; };
		001366D92307B620009A102E /* Info.plist */ = {isa = PBXFileReference; lastKnownFileType = text.plist.xml; path = Info.plist; sourceTree = "<group>"; };
		001366E62307BEA9009A102E /* WebKit.framework */ = {isa = PBXFileReference; lastKnownFileType = wrapper.framework; name = WebKit.framework; path = System/Library/Frameworks/WebKit.framework; sourceTree = SDKROOT; };
		0024E06825C3D00600BDB04D /* Button.swift */ = {isa = PBXFileReference; lastKnownFileType = sourcecode.swift; path = Button.swift; sourceTree = "<group>"; };
		0028F4F8245CC29500FB89B3 /* ContactViewController.swift */ = {isa = PBXFileReference; lastKnownFileType = sourcecode.swift; path = ContactViewController.swift; sourceTree = "<group>"; };
		0037F18B24170A8300275CD0 /* LightBlue@2x.png */ = {isa = PBXFileReference; lastKnownFileType = image.png; path = "LightBlue@2x.png"; sourceTree = "<group>"; };
		0053E05E23F640330012DB78 /* GlyphFade@2x.png */ = {isa = PBXFileReference; lastKnownFileType = image.png; path = "GlyphFade@2x.png"; sourceTree = "<group>"; };
		005932CF234D747100DC2323 /* Expedition.entitlements */ = {isa = PBXFileReference; lastKnownFileType = text.plist.entitlements; path = Expedition.entitlements; sourceTree = "<group>"; };
		0062525C242080AE004B3136 /* Onboarding.storyboard */ = {isa = PBXFileReference; lastKnownFileType = file.storyboard; path = Onboarding.storyboard; sourceTree = "<group>"; };
		0062526024208C02004B3136 /* Onb1ViewController.swift */ = {isa = PBXFileReference; lastKnownFileType = sourcecode.swift; path = Onb1ViewController.swift; sourceTree = "<group>"; };
		0062526224208C08004B3136 /* Onb2ViewController.swift */ = {isa = PBXFileReference; lastKnownFileType = sourcecode.swift; path = Onb2ViewController.swift; sourceTree = "<group>"; };
		0062526424208C26004B3136 /* Onb3ViewController.swift */ = {isa = PBXFileReference; lastKnownFileType = sourcecode.swift; path = Onb3ViewController.swift; sourceTree = "<group>"; };
		006302BB23CC04760074BE1C /* IOS6@2x.png */ = {isa = PBXFileReference; lastKnownFileType = image.png; path = "IOS6@2x.png"; sourceTree = "<group>"; };
		0068C29E254CE8A200183283 /* TabsMainViewController.swift */ = {isa = PBXFileReference; lastKnownFileType = sourcecode.swift; path = TabsMainViewController.swift; sourceTree = "<group>"; };
		0070A2AC2568A2F700545813 /* CellBGView.swift */ = {isa = PBXFileReference; lastKnownFileType = sourcecode.swift; path = CellBGView.swift; sourceTree = "<group>"; };
		0074A5A12442A672003C92D2 /* DonationBoxViewController.swift */ = {isa = PBXFileReference; lastKnownFileType = sourcecode.swift; name = DonationBoxViewController.swift; path = "Expedition/View Controllers/DonationBoxViewController.swift"; sourceTree = SOURCE_ROOT; };
		0077891623D14005002AEE78 /* LightShatter@2x.png */ = {isa = PBXFileReference; lastKnownFileType = image.png; path = "LightShatter@2x.png"; sourceTree = "<group>"; };
		0077891723D14005002AEE78 /* DarkShatter@2x.png */ = {isa = PBXFileReference; lastKnownFileType = image.png; path = "DarkShatter@2x.png"; sourceTree = "<group>"; };
		0078502E23CD688E00BDB94C /* Prism@2x.png */ = {isa = PBXFileReference; lastKnownFileType = image.png; path = "Prism@2x.png"; sourceTree = "<group>"; };
		00805266254CB963008D7697 /* NotificationConstants.swift */ = {isa = PBXFileReference; lastKnownFileType = sourcecode.swift; path = NotificationConstants.swift; sourceTree = "<group>"; };
		0080527C254CDB51008D7697 /* GradientTitleBar.swift */ = {isa = PBXFileReference; lastKnownFileType = sourcecode.swift; path = GradientTitleBar.swift; sourceTree = "<group>"; };
		00805284254CDC0A008D7697 /* TitleBarViewController.swift */ = {isa = PBXFileReference; lastKnownFileType = sourcecode.swift; path = TitleBarViewController.swift; sourceTree = "<group>"; };
		00805289254CDDA6008D7697 /* PrivacyPolicyViewController.swift */ = {isa = PBXFileReference; lastKnownFileType = sourcecode.swift; path = PrivacyPolicyViewController.swift; sourceTree = "<group>"; };
		0081CCE124280A720097C2C6 /* TabsTableViewController.swift */ = {isa = PBXFileReference; lastKnownFileType = sourcecode.swift; path = TabsTableViewController.swift; sourceTree = "<group>"; };
		009EBEC8257C362E00C9382C /* CustomizeViewController.swift */ = {isa = PBXFileReference; lastKnownFileType = sourcecode.swift; path = CustomizeViewController.swift; sourceTree = "<group>"; };
		009EBED4257C387800C9382C /* ReopenOnLastPageViewController.swift */ = {isa = PBXFileReference; lastKnownFileType = sourcecode.swift; path = ReopenOnLastPageViewController.swift; sourceTree = "<group>"; };
		00A91DBB23A84AFF00F045F7 /* DarkIcon@2x.png */ = {isa = PBXFileReference; lastKnownFileType = image.png; path = "DarkIcon@2x.png"; sourceTree = "<group>"; };
		00AB6BA523CD37DD0088E269 /* Metal@2x.png */ = {isa = PBXFileReference; lastKnownFileType = image.png; path = "Metal@2x.png"; sourceTree = "<group>"; };
		00AD59E923CB986E007C6495 /* ColorShadow@2x.png */ = {isa = PBXFileReference; lastKnownFileType = image.png; path = "ColorShadow@2x.png"; sourceTree = "<group>"; };
		00AD59F623CB98AC007C6495 /* Fading@2x.png */ = {isa = PBXFileReference; lastKnownFileType = image.png; path = "Fading@2x.png"; sourceTree = "<group>"; };
		00B612882585EB91001CEEE1 /* AppIconPickerImageView.swift */ = {isa = PBXFileReference; lastKnownFileType = sourcecode.swift; path = AppIconPickerImageView.swift; sourceTree = "<group>"; };
		00C4A4C523C509E800C18F65 /* Settings.bundle */ = {isa = PBXFileReference; lastKnownFileType = "wrapper.plug-in"; path = Settings.bundle; sourceTree = "<group>"; };
		00D686EF25BB484900A83187 /* style.css */ = {isa = PBXFileReference; fileEncoding = 4; lastKnownFileType = text.css; path = style.css; sourceTree = "<group>"; };
		00D686F425BB49C900A83187 /* NotFound.html */ = {isa = PBXFileReference; fileEncoding = 4; lastKnownFileType = text.html; path = NotFound.html; sourceTree = "<group>"; };
		00F7071023D16FB400C0B8E2 /* Diamond@2x.png */ = {isa = PBXFileReference; lastKnownFileType = image.png; path = "Diamond@2x.png"; sourceTree = "<group>"; };
		5D1D0D5723C6AE7600B4377E /* History.xcdatamodel */ = {isa = PBXFileReference; lastKnownFileType = wrapper.xcdatamodel; path = History.xcdatamodel; sourceTree = "<group>"; };
		5D1D0D5923C6B0B300B4377E /* PersistenceService.swift */ = {isa = PBXFileReference; lastKnownFileType = sourcecode.swift; path = PersistenceService.swift; sourceTree = "<group>"; };
		5D1D0D5C23C6F1CB00B4377E /* HistoryElement+CoreDataProperties.swift */ = {isa = PBXFileReference; lastKnownFileType = sourcecode.swift; path = "HistoryElement+CoreDataProperties.swift"; sourceTree = "<group>"; };
		5D2FA89F23D5490B00A68AF5 /* LightIntro.gif */ = {isa = PBXFileReference; lastKnownFileType = image.gif; path = LightIntro.gif; sourceTree = "<group>"; };
		5D41CBF023C569B6003A16F9 /* SettingsBundleHelper.swift */ = {isa = PBXFileReference; lastKnownFileType = sourcecode.swift; path = SettingsBundleHelper.swift; sourceTree = "<group>"; };
		5D41CBF223C5745C003A16F9 /* OptionsViewController.swift */ = {isa = PBXFileReference; lastKnownFileType = sourcecode.swift; path = OptionsViewController.swift; sourceTree = "<group>"; };
		5D56ABCB243C1CD00073677F /* WebUtil.swift */ = {isa = PBXFileReference; lastKnownFileType = sourcecode.swift; path = WebUtil.swift; sourceTree = "<group>"; };
		5D56ABCF243C1D140073677F /* Website.swift */ = {isa = PBXFileReference; lastKnownFileType = sourcecode.swift; path = Website.swift; sourceTree = "<group>"; };
		5D56ABD5243C1EBE0073677F /* HistoryElement+CoreDataClass.swift */ = {isa = PBXFileReference; fileEncoding = 4; lastKnownFileType = sourcecode.swift; path = "HistoryElement+CoreDataClass.swift"; sourceTree = "<group>"; };
		5D56ABD8243C1F540073677F /* Sharing.swift */ = {isa = PBXFileReference; lastKnownFileType = sourcecode.swift; path = Sharing.swift; sourceTree = "<group>"; };
		5D5BA2E123C5910C00D98050 /* HistoryTableViewController.swift */ = {isa = PBXFileReference; lastKnownFileType = sourcecode.swift; path = HistoryTableViewController.swift; sourceTree = "<group>"; };
		5D793D0423D4DF5C00539A44 /* Swift+Gif.swift */ = {isa = PBXFileReference; lastKnownFileType = sourcecode.swift; path = "Swift+Gif.swift"; sourceTree = "<group>"; };
		5D793D0623D4E02D00539A44 /* IntroViewController.swift */ = {isa = PBXFileReference; lastKnownFileType = sourcecode.swift; path = IntroViewController.swift; sourceTree = "<group>"; };
		5D865CC323E1013700374B07 /* BlankViewController.swift */ = {isa = PBXFileReference; lastKnownFileType = sourcecode.swift; path = BlankViewController.swift; sourceTree = "<group>"; };
		5D9AE08E24371ABE00239559 /* Util.swift */ = {isa = PBXFileReference; lastKnownFileType = sourcecode.swift; path = Util.swift; sourceTree = "<group>"; };
		5DFC236E23D58C3E004A3DF9 /* ExpeditionTests.swift */ = {isa = PBXFileReference; lastKnownFileType = sourcecode.swift; path = ExpeditionTests.swift; sourceTree = "<group>"; };
		5DFC236F23D58C3E004A3DF9 /* Info.plist */ = {isa = PBXFileReference; lastKnownFileType = text.plist.xml; path = Info.plist; sourceTree = "<group>"; };
		D6030CDB23A89669003C6911 /* Gestures.swift */ = {isa = PBXFileReference; lastKnownFileType = sourcecode.swift; path = Gestures.swift; sourceTree = "<group>"; };
/* End PBXFileReference section */

/* Begin PBXFrameworksBuildPhase section */
		001366B12307B61F009A102E /* Frameworks */ = {
			isa = PBXFrameworksBuildPhase;
			buildActionMask = 2147483647;
			files = (
				001366E72307BEA9009A102E /* WebKit.framework in Frameworks */,
			);
			runOnlyForDeploymentPostprocessing = 0;
		};
		001366C52307B620009A102E /* Frameworks */ = {
			isa = PBXFrameworksBuildPhase;
			buildActionMask = 2147483647;
			files = (
			);
			runOnlyForDeploymentPostprocessing = 0;
		};
		001366D02307B620009A102E /* Frameworks */ = {
			isa = PBXFrameworksBuildPhase;
			buildActionMask = 2147483647;
			files = (
			);
			runOnlyForDeploymentPostprocessing = 0;
		};
/* End PBXFrameworksBuildPhase section */

/* Begin PBXGroup section */
		0007DADD2437B808007BF62C /* FullpageScreenshot */ = {
			isa = PBXGroup;
			children = (
				0007DADE2437B808007BF62C /* Media.xcassets */,
				0007DAE02437B808007BF62C /* ActionRequestHandler.swift */,
				0007DAE22437B808007BF62C /* Action.js */,
				0007DAE42437B808007BF62C /* Info.plist */,
			);
			path = FullpageScreenshot;
			sourceTree = "<group>";
		};
		001366AB2307B61F009A102E = {
			isa = PBXGroup;
			children = (
				001366B62307B61F009A102E /* Expedition */,
				5DFC236D23D58C3E004A3DF9 /* ExpeditionTests */,
				001366D62307B620009A102E /* ExpeditionUITests */,
				0007DADD2437B808007BF62C /* FullpageScreenshot */,
				001366B52307B61F009A102E /* Products */,
				001366E52307BEA9009A102E /* Frameworks */,
			);
			sourceTree = "<group>";
			usesTabs = 0;
		};
		001366B52307B61F009A102E /* Products */ = {
			isa = PBXGroup;
			children = (
				001366B42307B61F009A102E /* Expedition.app */,
				001366C82307B620009A102E /* ExpeditionTests.xctest */,
				001366D32307B620009A102E /* ExpeditionUITests.xctest */,
			);
			name = Products;
			sourceTree = "<group>";
		};
		001366B62307B61F009A102E /* Expedition */ = {
			isa = PBXGroup;
			children = (
				001366B72307B61F009A102E /* AppDelegate.swift */,
				00C4A4C523C509E800C18F65 /* Settings.bundle */,
				5D56ABD1243C1D760073677F /* View Controllers */,
				5D56ABCD243C1CF50073677F /* Classes */,
				5D9AE08D24371AA900239559 /* Util */,
				0062525F24208BD2004B3136 /* Storyboards */,
				00476DA624313AC300BDE254 /* History */,
				5D56ABD4243C1DC10073677F /* Resources */,
				001366BE2307B620009A102E /* Assets.xcassets */,
				005932CF234D747100DC2323 /* Expedition.entitlements */,
				001366C32307B620009A102E /* Info.plist */,
			);
			path = Expedition;
			sourceTree = "<group>";
		};
		001366D62307B620009A102E /* ExpeditionUITests */ = {
			isa = PBXGroup;
			children = (
				001366D72307B620009A102E /* ExpeditionUITests.swift */,
				001366D92307B620009A102E /* Info.plist */,
			);
			path = ExpeditionUITests;
			sourceTree = "<group>";
		};
		001366E52307BEA9009A102E /* Frameworks */ = {
			isa = PBXGroup;
			children = (
				001366E62307BEA9009A102E /* WebKit.framework */,
			);
			name = Frameworks;
			sourceTree = "<group>";
		};
		00476DA624313AC300BDE254 /* History */ = {
			isa = PBXGroup;
			children = (
				5D1D0D5C23C6F1CB00B4377E /* HistoryElement+CoreDataProperties.swift */,
				5D56ABD5243C1EBE0073677F /* HistoryElement+CoreDataClass.swift */,
				5D1D0D5623C6AE7600B4377E /* History.xcdatamodeld */,
			);
			path = History;
			sourceTree = "<group>";
		};
		0062525E24208B61004B3136 /* AltAppIcons */ = {
			isa = PBXGroup;
			children = (
				00A91DBB23A84AFF00F045F7 /* DarkIcon@2x.png */,
				00AD59E923CB986E007C6495 /* ColorShadow@2x.png */,
				0037F18B24170A8300275CD0 /* LightBlue@2x.png */,
				0053E05E23F640330012DB78 /* GlyphFade@2x.png */,
				00AD59F623CB98AC007C6495 /* Fading@2x.png */,
				5DE81BC623CBB83400F6FA33 /* TotallyNotSecretIcons */,
			);
			path = AltAppIcons;
			sourceTree = "<group>";
		};
		0062525F24208BD2004B3136 /* Storyboards */ = {
			isa = PBXGroup;
			children = (
				0080527C254CDB51008D7697 /* GradientTitleBar.swift */,
				0070A2AC2568A2F700545813 /* CellBGView.swift */,
				001366BB2307B61F009A102E /* Main.storyboard */,
				00805284254CDC0A008D7697 /* TitleBarViewController.swift */,
				0062525C242080AE004B3136 /* Onboarding.storyboard */,
				0024E06825C3D00600BDB04D /* Button.swift */,
				001366C02307B620009A102E /* LaunchScreen.storyboard */,
			);
			path = Storyboards;
			sourceTree = "<group>";
		};
		009EBECD257C363A00C9382C /* Options */ = {
			isa = PBXGroup;
			children = (
				009EBED4257C387800C9382C /* ReopenOnLastPageViewController.swift */,
				009EBEC8257C362E00C9382C /* CustomizeViewController.swift */,
			);
			path = Options;
			sourceTree = "<group>";
		};
		5D56ABCD243C1CF50073677F /* Classes */ = {
			isa = PBXGroup;
			children = (
				5D56ABCE243C1D040073677F /* Web */,
			);
			path = Classes;
			sourceTree = "<group>";
		};
		5D56ABCE243C1D040073677F /* Web */ = {
			isa = PBXGroup;
			children = (
				5D56ABCF243C1D140073677F /* Website.swift */,
			);
			path = Web;
			sourceTree = "<group>";
		};
		5D56ABD1243C1D760073677F /* View Controllers */ = {
			isa = PBXGroup;
			children = (
				001366B92307B61F009A102E /* SearchingViewController.swift */,
				0074A5A12442A672003C92D2 /* DonationBoxViewController.swift */,
				5D793D0623D4E02D00539A44 /* IntroViewController.swift */,
				5D5BA2E123C5910C00D98050 /* HistoryTableViewController.swift */,
				0068C29E254CE8A200183283 /* TabsMainViewController.swift */,
				0028F4F8245CC29500FB89B3 /* ContactViewController.swift */,
				00805266254CB963008D7697 /* NotificationConstants.swift */,
				5D41CBF223C5745C003A16F9 /* OptionsViewController.swift */,
				00805289254CDDA6008D7697 /* PrivacyPolicyViewController.swift */,
				0081CCE124280A720097C2C6 /* TabsTableViewController.swift */,
				00B612882585EB91001CEEE1 /* AppIconPickerImageView.swift */,
				000D80262427F5CA005E0CA1 /* AppIconsViewController.swift */,
				5D865CC323E1013700374B07 /* BlankViewController.swift */,
				0007CB9F25C697980058EC24 /* HomepageChooserViewController.swift */,
				009EBECD257C363A00C9382C /* Options */,
				5D56ABD3243C1D970073677F /* Onboarding */,
			);
			path = "View Controllers";
			sourceTree = "<group>";
		};
		5D56ABD3243C1D970073677F /* Onboarding */ = {
			isa = PBXGroup;
			children = (
				0062526024208C02004B3136 /* Onb1ViewController.swift */,
				0062526224208C08004B3136 /* Onb2ViewController.swift */,
				0062526424208C26004B3136 /* Onb3ViewController.swift */,
			);
			path = Onboarding;
			sourceTree = "<group>";
		};
		5D56ABD4243C1DC10073677F /* Resources */ = {
			isa = PBXGroup;
			children = (
				00D686F425BB49C900A83187 /* NotFound.html */,
				00D686EF25BB484900A83187 /* style.css */,
				5D2FA89F23D5490B00A68AF5 /* LightIntro.gif */,
				0062525E24208B61004B3136 /* AltAppIcons */,
			);
			path = Resources;
			sourceTree = "<group>";
		};
		5D9AE08D24371AA900239559 /* Util */ = {
			isa = PBXGroup;
			children = (
				5D9AE08E24371ABE00239559 /* Util.swift */,
				5D56ABCB243C1CD00073677F /* WebUtil.swift */,
				5D793D0423D4DF5C00539A44 /* Swift+Gif.swift */,
				D6030CDB23A89669003C6911 /* Gestures.swift */,
				5D1D0D5923C6B0B300B4377E /* PersistenceService.swift */,
				5D41CBF023C569B6003A16F9 /* SettingsBundleHelper.swift */,
				5D56ABD8243C1F540073677F /* Sharing.swift */,
			);
			path = Util;
			sourceTree = "<group>";
		};
		5DE81BC623CBB83400F6FA33 /* TotallyNotSecretIcons */ = {
			isa = PBXGroup;
			children = (
				00F7071023D16FB400C0B8E2 /* Diamond@2x.png */,
				00AB6BA523CD37DD0088E269 /* Metal@2x.png */,
				0003C0E223CC08A200111AA1 /* Soft@2x.png */,
				0077891723D14005002AEE78 /* DarkShatter@2x.png */,
				0077891623D14005002AEE78 /* LightShatter@2x.png */,
				0078502E23CD688E00BDB94C /* Prism@2x.png */,
				006302BB23CC04760074BE1C /* IOS6@2x.png */,
			);
			path = TotallyNotSecretIcons;
			sourceTree = "<group>";
		};
		5DFC236D23D58C3E004A3DF9 /* ExpeditionTests */ = {
			isa = PBXGroup;
			children = (
				5DFC236E23D58C3E004A3DF9 /* ExpeditionTests.swift */,
				5DFC236F23D58C3E004A3DF9 /* Info.plist */,
			);
			path = ExpeditionTests;
			sourceTree = "<group>";
		};
/* End PBXGroup section */

/* Begin PBXNativeTarget section */
		001366B32307B61F009A102E /* Expedition */ = {
			isa = PBXNativeTarget;
			buildConfigurationList = 001366DC2307B620009A102E /* Build configuration list for PBXNativeTarget "Expedition" */;
			buildPhases = (
				001366B02307B61F009A102E /* Sources */,
				001366B12307B61F009A102E /* Frameworks */,
				001366B22307B61F009A102E /* Resources */,
				0039255023CED16700AD77EB /* Embed App Extensions */,
			);
			buildRules = (
			);
			dependencies = (
			);
			name = Expedition;
			productName = Expedition;
			productReference = 001366B42307B61F009A102E /* Expedition.app */;
			productType = "com.apple.product-type.application";
		};
		001366C72307B620009A102E /* ExpeditionTests */ = {
			isa = PBXNativeTarget;
			buildConfigurationList = 001366DF2307B620009A102E /* Build configuration list for PBXNativeTarget "ExpeditionTests" */;
			buildPhases = (
				001366C42307B620009A102E /* Sources */,
				001366C52307B620009A102E /* Frameworks */,
				001366C62307B620009A102E /* Resources */,
			);
			buildRules = (
			);
			dependencies = (
				001366CA2307B620009A102E /* PBXTargetDependency */,
			);
			name = ExpeditionTests;
			productName = ExpeditionTests;
			productReference = 001366C82307B620009A102E /* ExpeditionTests.xctest */;
			productType = "com.apple.product-type.bundle.unit-test";
		};
		001366D22307B620009A102E /* ExpeditionUITests */ = {
			isa = PBXNativeTarget;
			buildConfigurationList = 001366E22307B620009A102E /* Build configuration list for PBXNativeTarget "ExpeditionUITests" */;
			buildPhases = (
				001366CF2307B620009A102E /* Sources */,
				001366D02307B620009A102E /* Frameworks */,
				001366D12307B620009A102E /* Resources */,
			);
			buildRules = (
			);
			dependencies = (
				001366D52307B620009A102E /* PBXTargetDependency */,
			);
			name = ExpeditionUITests;
			productName = ExpeditionUITests;
			productReference = 001366D32307B620009A102E /* ExpeditionUITests.xctest */;
			productType = "com.apple.product-type.bundle.ui-testing";
		};
/* End PBXNativeTarget section */

/* Begin PBXProject section */
		001366AC2307B61F009A102E /* Project object */ = {
			isa = PBXProject;
			attributes = {
				LastSwiftUpdateCheck = 1140;
				LastUpgradeCheck = 1220;
				ORGANIZATIONNAME = "The Morning Company";
				TargetAttributes = {
					001366B32307B61F009A102E = {
						CreatedOnToolsVersion = 10.3;
					};
					001366C72307B620009A102E = {
						CreatedOnToolsVersion = 10.3;
						TestTargetID = 001366B32307B61F009A102E;
					};
					001366D22307B620009A102E = {
						CreatedOnToolsVersion = 10.3;
						TestTargetID = 001366B32307B61F009A102E;
					};
				};
			};
			buildConfigurationList = 001366AF2307B61F009A102E /* Build configuration list for PBXProject "Expedition" */;
			compatibilityVersion = "Xcode 10.0";
			developmentRegion = en;
			hasScannedForEncodings = 0;
			knownRegions = (
				en,
				Base,
			);
			mainGroup = 001366AB2307B61F009A102E;
			productRefGroup = 001366B52307B61F009A102E /* Products */;
			projectDirPath = "";
			projectRoot = "";
			targets = (
				001366B32307B61F009A102E /* Expedition */,
				001366C72307B620009A102E /* ExpeditionTests */,
				001366D22307B620009A102E /* ExpeditionUITests */,
			);
		};
/* End PBXProject section */

/* Begin PBXResourcesBuildPhase section */
		001366B22307B61F009A102E /* Resources */ = {
			isa = PBXResourcesBuildPhase;
			buildActionMask = 2147483647;
			files = (
				00D686F525BB49C900A83187 /* NotFound.html in Resources */,
				0077891923D14005002AEE78 /* DarkShatter@2x.png in Resources */,
				5D2FA8A023D5490B00A68AF5 /* LightIntro.gif in Resources */,
				00F7071123D16FB400C0B8E2 /* Diamond@2x.png in Resources */,
				0077891823D14005002AEE78 /* LightShatter@2x.png in Resources */,
				00A91DBD23A84AFF00F045F7 /* DarkIcon@2x.png in Resources */,
				0037F18C24170A8300275CD0 /* LightBlue@2x.png in Resources */,
				0003C0E323CC08A200111AA1 /* Soft@2x.png in Resources */,
				001366C22307B620009A102E /* LaunchScreen.storyboard in Resources */,
				006302BE23CC04760074BE1C /* IOS6@2x.png in Resources */,
				001366BF2307B620009A102E /* Assets.xcassets in Resources */,
				0062525D242080AE004B3136 /* Onboarding.storyboard in Resources */,
				0053E05F23F640330012DB78 /* GlyphFade@2x.png in Resources */,
				5DE81BC323CBB45000F6FA33 /* ColorShadow@2x.png in Resources */,
				5DE81BC423CBB45300F6FA33 /* Fading@2x.png in Resources */,
				00C4A4C623C509E800C18F65 /* Settings.bundle in Resources */,
				001366BD2307B61F009A102E /* Main.storyboard in Resources */,
				00D686F025BB484900A83187 /* style.css in Resources */,
				0078502F23CD688E00BDB94C /* Prism@2x.png in Resources */,
				00AB6BA623CD37DE0088E269 /* Metal@2x.png in Resources */,
			);
			runOnlyForDeploymentPostprocessing = 0;
		};
		001366C62307B620009A102E /* Resources */ = {
			isa = PBXResourcesBuildPhase;
			buildActionMask = 2147483647;
			files = (
			);
			runOnlyForDeploymentPostprocessing = 0;
		};
		001366D12307B620009A102E /* Resources */ = {
			isa = PBXResourcesBuildPhase;
			buildActionMask = 2147483647;
			files = (
			);
			runOnlyForDeploymentPostprocessing = 0;
		};
/* End PBXResourcesBuildPhase section */

/* Begin PBXSourcesBuildPhase section */
		001366B02307B61F009A102E /* Sources */ = {
			isa = PBXSourcesBuildPhase;
			buildActionMask = 2147483647;
			files = (
				5D1D0D5A23C6B0B300B4377E /* PersistenceService.swift in Sources */,
				5D793D0723D4E02D00539A44 /* IntroViewController.swift in Sources */,
				0068C29F254CE8A200183283 /* TabsMainViewController.swift in Sources */,
				0080527D254CDB51008D7697 /* GradientTitleBar.swift in Sources */,
				0074A5A22442A672003C92D2 /* DonationBoxViewController.swift in Sources */,
				009EBED5257C387800C9382C /* ReopenOnLastPageViewController.swift in Sources */,
				00805267254CB963008D7697 /* NotificationConstants.swift in Sources */,
				5D41CBF123C569B6003A16F9 /* SettingsBundleHelper.swift in Sources */,
				0062526324208C08004B3136 /* Onb2ViewController.swift in Sources */,
				5D865CC423E1013700374B07 /* BlankViewController.swift in Sources */,
				5D56ABD0243C1D140073677F /* Website.swift in Sources */,
				5D1D0D5E23C6F1CB00B4377E /* HistoryElement+CoreDataProperties.swift in Sources */,
				0081CCE224280A720097C2C6 /* TabsTableViewController.swift in Sources */,
				5D56ABCC243C1CD00073677F /* WebUtil.swift in Sources */,
				5D9AE08F24371ABE00239559 /* Util.swift in Sources */,
				0062526124208C02004B3136 /* Onb1ViewController.swift in Sources */,
				000D80272427F5CA005E0CA1 /* AppIconsViewController.swift in Sources */,
				0080528A254CDDA7008D7697 /* PrivacyPolicyViewController.swift in Sources */,
				00805285254CDC0A008D7697 /* TitleBarViewController.swift in Sources */,
				5D56ABD9243C1F540073677F /* Sharing.swift in Sources */,
				5D793D0523D4DF5C00539A44 /* Swift+Gif.swift in Sources */,
				5D41CBF323C5745C003A16F9 /* OptionsViewController.swift in Sources */,
				0007CBA025C697980058EC24 /* HomepageChooserViewController.swift in Sources */,
				5D1D0D5823C6AE7600B4377E /* History.xcdatamodeld in Sources */,
				0028F4F9245CC29500FB89B3 /* ContactViewController.swift in Sources */,
				5D56ABD6243C1EBE0073677F /* HistoryElement+CoreDataClass.swift in Sources */,
				0062526524208C26004B3136 /* Onb3ViewController.swift in Sources */,
				5D5BA2E223C5910C00D98050 /* HistoryTableViewController.swift in Sources */,
				009EBEC9257C362E00C9382C /* CustomizeViewController.swift in Sources */,
				00B612892585EB91001CEEE1 /* AppIconPickerImageView.swift in Sources */,
				001366BA2307B61F009A102E /* SearchingViewController.swift in Sources */,
				001366B82307B61F009A102E /* AppDelegate.swift in Sources */,
				D6030CDC23A89669003C6911 /* Gestures.swift in Sources */,
				0070A2AD2568A2F700545813 /* CellBGView.swift in Sources */,
				0024E06925C3D00600BDB04D /* Button.swift in Sources */,
			);
			runOnlyForDeploymentPostprocessing = 0;
		};
		001366C42307B620009A102E /* Sources */ = {
			isa = PBXSourcesBuildPhase;
			buildActionMask = 2147483647;
			files = (
			);
			runOnlyForDeploymentPostprocessing = 0;
		};
		001366CF2307B620009A102E /* Sources */ = {
			isa = PBXSourcesBuildPhase;
			buildActionMask = 2147483647;
			files = (
				001366D82307B620009A102E /* ExpeditionUITests.swift in Sources */,
			);
			runOnlyForDeploymentPostprocessing = 0;
		};
/* End PBXSourcesBuildPhase section */

/* Begin PBXTargetDependency section */
		001366CA2307B620009A102E /* PBXTargetDependency */ = {
			isa = PBXTargetDependency;
			target = 001366B32307B61F009A102E /* Expedition */;
			targetProxy = 001366C92307B620009A102E /* PBXContainerItemProxy */;
		};
		001366D52307B620009A102E /* PBXTargetDependency */ = {
			isa = PBXTargetDependency;
			target = 001366B32307B61F009A102E /* Expedition */;
			targetProxy = 001366D42307B620009A102E /* PBXContainerItemProxy */;
		};
/* End PBXTargetDependency section */

/* Begin PBXVariantGroup section */
		001366BB2307B61F009A102E /* Main.storyboard */ = {
			isa = PBXVariantGroup;
			children = (
				001366BC2307B61F009A102E /* Base */,
			);
			name = Main.storyboard;
			sourceTree = "<group>";
		};
		001366C02307B620009A102E /* LaunchScreen.storyboard */ = {
			isa = PBXVariantGroup;
			children = (
				001366C12307B620009A102E /* Base */,
			);
			name = LaunchScreen.storyboard;
			sourceTree = "<group>";
		};
/* End PBXVariantGroup section */

/* Begin XCBuildConfiguration section */
		001366DA2307B620009A102E /* Debug */ = {
			isa = XCBuildConfiguration;
			buildSettings = {
				ALWAYS_SEARCH_USER_PATHS = NO;
				CLANG_ANALYZER_NONNULL = YES;
				CLANG_ANALYZER_NUMBER_OBJECT_CONVERSION = YES_AGGRESSIVE;
				CLANG_CXX_LANGUAGE_STANDARD = "gnu++14";
				CLANG_CXX_LIBRARY = "libc++";
				CLANG_ENABLE_MODULES = YES;
				CLANG_ENABLE_OBJC_ARC = YES;
				CLANG_ENABLE_OBJC_WEAK = YES;
				CLANG_WARN_BLOCK_CAPTURE_AUTORELEASING = YES;
				CLANG_WARN_BOOL_CONVERSION = YES;
				CLANG_WARN_COMMA = YES;
				CLANG_WARN_CONSTANT_CONVERSION = YES;
				CLANG_WARN_DEPRECATED_OBJC_IMPLEMENTATIONS = YES;
				CLANG_WARN_DIRECT_OBJC_ISA_USAGE = YES_ERROR;
				CLANG_WARN_DOCUMENTATION_COMMENTS = YES;
				CLANG_WARN_EMPTY_BODY = YES;
				CLANG_WARN_ENUM_CONVERSION = YES;
				CLANG_WARN_INFINITE_RECURSION = YES;
				CLANG_WARN_INT_CONVERSION = YES;
				CLANG_WARN_NON_LITERAL_NULL_CONVERSION = YES;
				CLANG_WARN_OBJC_IMPLICIT_RETAIN_SELF = YES;
				CLANG_WARN_OBJC_LITERAL_CONVERSION = YES;
				CLANG_WARN_OBJC_ROOT_CLASS = YES_ERROR;
				CLANG_WARN_QUOTED_INCLUDE_IN_FRAMEWORK_HEADER = YES;
				CLANG_WARN_RANGE_LOOP_ANALYSIS = YES;
				CLANG_WARN_STRICT_PROTOTYPES = YES;
				CLANG_WARN_SUSPICIOUS_MOVE = YES;
				CLANG_WARN_UNGUARDED_AVAILABILITY = YES_AGGRESSIVE;
				CLANG_WARN_UNREACHABLE_CODE = YES;
				CLANG_WARN__DUPLICATE_METHOD_MATCH = YES;
				CODE_SIGN_IDENTITY = "iPhone Developer";
				COPY_PHASE_STRIP = NO;
				DEBUG_INFORMATION_FORMAT = dwarf;
				ENABLE_STRICT_OBJC_MSGSEND = YES;
				ENABLE_TESTABILITY = YES;
				GCC_C_LANGUAGE_STANDARD = gnu11;
				GCC_DYNAMIC_NO_PIC = NO;
				GCC_NO_COMMON_BLOCKS = YES;
				GCC_OPTIMIZATION_LEVEL = 0;
				GCC_PREPROCESSOR_DEFINITIONS = (
					"DEBUG=1",
					"$(inherited)",
				);
				GCC_WARN_64_TO_32_BIT_CONVERSION = YES;
				GCC_WARN_ABOUT_RETURN_TYPE = YES_ERROR;
				GCC_WARN_UNDECLARED_SELECTOR = YES;
				GCC_WARN_UNINITIALIZED_AUTOS = YES_AGGRESSIVE;
				GCC_WARN_UNUSED_FUNCTION = YES;
				GCC_WARN_UNUSED_VARIABLE = YES;
				IPHONEOS_DEPLOYMENT_TARGET = 14.0;
				MTL_ENABLE_DEBUG_INFO = INCLUDE_SOURCE;
				MTL_FAST_MATH = YES;
				ONLY_ACTIVE_ARCH = YES;
				SDKROOT = iphoneos;
				SWIFT_ACTIVE_COMPILATION_CONDITIONS = DEBUG;
				SWIFT_OPTIMIZATION_LEVEL = "-Onone";
				TARGETED_DEVICE_FAMILY = "1,2";
			};
			name = Debug;
		};
		001366DB2307B620009A102E /* Release */ = {
			isa = XCBuildConfiguration;
			buildSettings = {
				ALWAYS_SEARCH_USER_PATHS = NO;
				CLANG_ANALYZER_NONNULL = YES;
				CLANG_ANALYZER_NUMBER_OBJECT_CONVERSION = YES_AGGRESSIVE;
				CLANG_CXX_LANGUAGE_STANDARD = "gnu++14";
				CLANG_CXX_LIBRARY = "libc++";
				CLANG_ENABLE_MODULES = YES;
				CLANG_ENABLE_OBJC_ARC = YES;
				CLANG_ENABLE_OBJC_WEAK = YES;
				CLANG_WARN_BLOCK_CAPTURE_AUTORELEASING = YES;
				CLANG_WARN_BOOL_CONVERSION = YES;
				CLANG_WARN_COMMA = YES;
				CLANG_WARN_CONSTANT_CONVERSION = YES;
				CLANG_WARN_DEPRECATED_OBJC_IMPLEMENTATIONS = YES;
				CLANG_WARN_DIRECT_OBJC_ISA_USAGE = YES_ERROR;
				CLANG_WARN_DOCUMENTATION_COMMENTS = YES;
				CLANG_WARN_EMPTY_BODY = YES;
				CLANG_WARN_ENUM_CONVERSION = YES;
				CLANG_WARN_INFINITE_RECURSION = YES;
				CLANG_WARN_INT_CONVERSION = YES;
				CLANG_WARN_NON_LITERAL_NULL_CONVERSION = YES;
				CLANG_WARN_OBJC_IMPLICIT_RETAIN_SELF = YES;
				CLANG_WARN_OBJC_LITERAL_CONVERSION = YES;
				CLANG_WARN_OBJC_ROOT_CLASS = YES_ERROR;
				CLANG_WARN_QUOTED_INCLUDE_IN_FRAMEWORK_HEADER = YES;
				CLANG_WARN_RANGE_LOOP_ANALYSIS = YES;
				CLANG_WARN_STRICT_PROTOTYPES = YES;
				CLANG_WARN_SUSPICIOUS_MOVE = YES;
				CLANG_WARN_UNGUARDED_AVAILABILITY = YES_AGGRESSIVE;
				CLANG_WARN_UNREACHABLE_CODE = YES;
				CLANG_WARN__DUPLICATE_METHOD_MATCH = YES;
				CODE_SIGN_IDENTITY = "iPhone Developer";
				COPY_PHASE_STRIP = NO;
				DEBUG_INFORMATION_FORMAT = "dwarf-with-dsym";
				ENABLE_NS_ASSERTIONS = NO;
				ENABLE_STRICT_OBJC_MSGSEND = YES;
				GCC_C_LANGUAGE_STANDARD = gnu11;
				GCC_NO_COMMON_BLOCKS = YES;
				GCC_WARN_64_TO_32_BIT_CONVERSION = YES;
				GCC_WARN_ABOUT_RETURN_TYPE = YES_ERROR;
				GCC_WARN_UNDECLARED_SELECTOR = YES;
				GCC_WARN_UNINITIALIZED_AUTOS = YES_AGGRESSIVE;
				GCC_WARN_UNUSED_FUNCTION = YES;
				GCC_WARN_UNUSED_VARIABLE = YES;
				IPHONEOS_DEPLOYMENT_TARGET = 14.0;
				MTL_ENABLE_DEBUG_INFO = NO;
				MTL_FAST_MATH = YES;
				SDKROOT = iphoneos;
				SWIFT_COMPILATION_MODE = wholemodule;
				SWIFT_OPTIMIZATION_LEVEL = "-O";
				TARGETED_DEVICE_FAMILY = "1,2";
				VALIDATE_PRODUCT = YES;
			};
			name = Release;
		};
		001366DD2307B620009A102E /* Debug */ = {
			isa = XCBuildConfiguration;
			buildSettings = {
				ALWAYS_EMBED_SWIFT_STANDARD_LIBRARIES = YES;
				ASSETCATALOG_COMPILER_APPICON_NAME = AppIcon;
				CODE_SIGN_ENTITLEMENTS = Expedition/Expedition.entitlements;
				CODE_SIGN_IDENTITY = "Apple Development";
				"CODE_SIGN_IDENTITY[sdk=macosx*]" = "Apple Development";
				CODE_SIGN_STYLE = Automatic;
				DEVELOPMENT_TEAM = 3HNBGF82F9;
				INFOPLIST_FILE = Expedition/Info.plist;
				IPHONEOS_DEPLOYMENT_TARGET = 13.0;
				"IPHONEOS_DEPLOYMENT_TARGET[sdk=macosx*]" = 14.0;
				LD_RUNPATH_SEARCH_PATHS = (
					"$(inherited)",
					"@executable_path/Frameworks",
				);
				MARKETING_VERSION = 7.4;
				PRODUCT_BUNDLE_IDENTIFIER = com.tmc.expedition;
				PRODUCT_NAME = "$(TARGET_NAME)";
				PROVISIONING_PROFILE_SPECIFIER = "";
				"PROVISIONING_PROFILE_SPECIFIER[sdk=macosx*]" = "";
				SUPPORTS_MACCATALYST = NO;
				SWIFT_VERSION = 5.0;
				TARGETED_DEVICE_FAMILY = "1,2";
			};
			name = Debug;
		};
		001366DE2307B620009A102E /* Release */ = {
			isa = XCBuildConfiguration;
			buildSettings = {
				ALWAYS_EMBED_SWIFT_STANDARD_LIBRARIES = YES;
				ASSETCATALOG_COMPILER_APPICON_NAME = AppIcon;
				CODE_SIGN_ENTITLEMENTS = Expedition/Expedition.entitlements;
				CODE_SIGN_IDENTITY = "Apple Development";
				"CODE_SIGN_IDENTITY[sdk=macosx*]" = "Apple Development";
				CODE_SIGN_STYLE = Automatic;
				DEVELOPMENT_TEAM = 3HNBGF82F9;
				INFOPLIST_FILE = Expedition/Info.plist;
				IPHONEOS_DEPLOYMENT_TARGET = 13.0;
				"IPHONEOS_DEPLOYMENT_TARGET[sdk=macosx*]" = 14.0;
				LD_RUNPATH_SEARCH_PATHS = (
					"$(inherited)",
					"@executable_path/Frameworks",
				);
				MARKETING_VERSION = 7.4;
				PRODUCT_BUNDLE_IDENTIFIER = com.tmc.expedition;
				PRODUCT_NAME = "$(TARGET_NAME)";
				PROVISIONING_PROFILE_SPECIFIER = "";
				"PROVISIONING_PROFILE_SPECIFIER[sdk=macosx*]" = "";
				SUPPORTS_MACCATALYST = NO;
				SWIFT_VERSION = 5.0;
				TARGETED_DEVICE_FAMILY = "1,2";
			};
			name = Release;
		};
		001366E02307B620009A102E /* Debug */ = {
			isa = XCBuildConfiguration;
			buildSettings = {
				ALWAYS_EMBED_SWIFT_STANDARD_LIBRARIES = YES;
				BUNDLE_LOADER = "$(TEST_HOST)";
				CODE_SIGN_STYLE = Automatic;
				INFOPLIST_FILE = ExpeditionTests/Info.plist;
				LD_RUNPATH_SEARCH_PATHS = (
					"$(inherited)",
					"@executable_path/Frameworks",
					"@loader_path/Frameworks",
				);
				PRODUCT_BUNDLE_IDENTIFIER = a.ExpeditionTests;
				PRODUCT_NAME = "$(TARGET_NAME)";
				SWIFT_VERSION = 5.0;
				TARGETED_DEVICE_FAMILY = "1,2";
				TEST_HOST = "$(BUILT_PRODUCTS_DIR)/Expedition.app/Expedition";
			};
			name = Debug;
		};
		001366E12307B620009A102E /* Release */ = {
			isa = XCBuildConfiguration;
			buildSettings = {
				ALWAYS_EMBED_SWIFT_STANDARD_LIBRARIES = YES;
				BUNDLE_LOADER = "$(TEST_HOST)";
				CODE_SIGN_STYLE = Automatic;
				INFOPLIST_FILE = ExpeditionTests/Info.plist;
				LD_RUNPATH_SEARCH_PATHS = (
					"$(inherited)",
					"@executable_path/Frameworks",
					"@loader_path/Frameworks",
				);
				PRODUCT_BUNDLE_IDENTIFIER = a.ExpeditionTests;
				PRODUCT_NAME = "$(TARGET_NAME)";
				SWIFT_VERSION = 5.0;
				TARGETED_DEVICE_FAMILY = "1,2";
				TEST_HOST = "$(BUILT_PRODUCTS_DIR)/Expedition.app/Expedition";
			};
			name = Release;
		};
		001366E32307B620009A102E /* Debug */ = {
			isa = XCBuildConfiguration;
			buildSettings = {
				ALWAYS_EMBED_SWIFT_STANDARD_LIBRARIES = YES;
				CODE_SIGN_STYLE = Automatic;
				INFOPLIST_FILE = ExpeditionUITests/Info.plist;
				LD_RUNPATH_SEARCH_PATHS = (
					"$(inherited)",
					"@executable_path/Frameworks",
					"@loader_path/Frameworks",
				);
				PRODUCT_BUNDLE_IDENTIFIER = a.ExpeditionUITests;
				PRODUCT_NAME = "$(TARGET_NAME)";
				SWIFT_VERSION = 5.0;
				TARGETED_DEVICE_FAMILY = "1,2";
				TEST_TARGET_NAME = Expedition;
			};
			name = Debug;
		};
		001366E42307B620009A102E /* Release */ = {
			isa = XCBuildConfiguration;
			buildSettings = {
				ALWAYS_EMBED_SWIFT_STANDARD_LIBRARIES = YES;
				CODE_SIGN_STYLE = Automatic;
				INFOPLIST_FILE = ExpeditionUITests/Info.plist;
				LD_RUNPATH_SEARCH_PATHS = (
					"$(inherited)",
					"@executable_path/Frameworks",
					"@loader_path/Frameworks",
				);
				PRODUCT_BUNDLE_IDENTIFIER = a.ExpeditionUITests;
				PRODUCT_NAME = "$(TARGET_NAME)";
				SWIFT_VERSION = 5.0;
				TARGETED_DEVICE_FAMILY = "1,2";
				TEST_TARGET_NAME = Expedition;
			};
			name = Release;
		};
/* End XCBuildConfiguration section */

/* Begin XCConfigurationList section */
		001366AF2307B61F009A102E /* Build configuration list for PBXProject "Expedition" */ = {
			isa = XCConfigurationList;
			buildConfigurations = (
				001366DA2307B620009A102E /* Debug */,
				001366DB2307B620009A102E /* Release */,
			);
			defaultConfigurationIsVisible = 0;
			defaultConfigurationName = Release;
		};
		001366DC2307B620009A102E /* Build configuration list for PBXNativeTarget "Expedition" */ = {
			isa = XCConfigurationList;
			buildConfigurations = (
				001366DD2307B620009A102E /* Debug */,
				001366DE2307B620009A102E /* Release */,
			);
			defaultConfigurationIsVisible = 0;
			defaultConfigurationName = Release;
		};
		001366DF2307B620009A102E /* Build configuration list for PBXNativeTarget "ExpeditionTests" */ = {
			isa = XCConfigurationList;
			buildConfigurations = (
				001366E02307B620009A102E /* Debug */,
				001366E12307B620009A102E /* Release */,
			);
			defaultConfigurationIsVisible = 0;
			defaultConfigurationName = Release;
		};
		001366E22307B620009A102E /* Build configuration list for PBXNativeTarget "ExpeditionUITests" */ = {
			isa = XCConfigurationList;
			buildConfigurations = (
				001366E32307B620009A102E /* Debug */,
				001366E42307B620009A102E /* Release */,
			);
			defaultConfigurationIsVisible = 0;
			defaultConfigurationName = Release;
		};
/* End XCConfigurationList section */

/* Begin XCVersionGroup section */
		5D1D0D5623C6AE7600B4377E /* History.xcdatamodeld */ = {
			isa = XCVersionGroup;
			children = (
				5D1D0D5723C6AE7600B4377E /* History.xcdatamodel */,
			);
			currentVersion = 5D1D0D5723C6AE7600B4377E /* History.xcdatamodel */;
			path = History.xcdatamodeld;
			sourceTree = "<group>";
			versionGroupType = wrapper.xcdatamodel;
		};
/* End XCVersionGroup section */
	};
	rootObject = 001366AC2307B61F009A102E /* Project object */;
}
